
Microsoft Visual Studio Solution File, Format Version 12.00
# Visual Studio Version 17
VisualStudioVersion = 17.4.33103.184
MinimumVisualStudioVersion = 10.0.40219.1
Project("{888888A0-9F3D-457C-B088-3A5042F75D52}") = "emqx", "emqx.pyproj", "{6668A1AC-2DF1-4B83-8827-2939EEAF5997}"
EndProject
Global
	GlobalSection(SolutionConfigurationPlatforms) = preSolution
		Debug|Any CPU = Debug|Any CPU
		Release|Any CPU = Release|Any CPU
	EndGlobalSection
	GlobalSection(ProjectConfigurationPlatforms) = postSolution
		{6668A1AC-2DF1-4B83-8827-2939EEAF5997}.Debug|Any CPU.ActiveCfg = Debug|Any CPU
		{6668A1AC-2DF1-4B83-8827-2939EEAF5997}.Release|Any CPU.ActiveCfg = Release|Any CPU
	EndGlobalSection
	GlobalSection(SolutionProperties) = preSolution
		HideSolutionNode = FALSE
	EndGlobalSection
	GlobalSection(ExtensibilityGlobals) = postSolution
		SolutionGuid = {A634D8DE-0F11-48EA-A89C-DCA01D8BC60B}
	EndGlobalSection
EndGlobal
